// !$*UTF8*$!
{
	archiveVersion = 1;
	classes = {
	};
	objectVersion = 50;
	objects = {

/* Begin PBXBuildFile section */
		3F8C739C2451DE6200AC8405 /* AppDelegate.swift in Sources */ = {isa = PBXBuildFile; fileRef = 3F8C739B2451DE6200AC8405 /* AppDelegate.swift */; };
		3F8C739E2451DE6200AC8405 /* SceneDelegate.swift in Sources */ = {isa = PBXBuildFile; fileRef = 3F8C739D2451DE6200AC8405 /* SceneDelegate.swift */; };
		3F8C73A02451DE6200AC8405 /* ContentView.swift in Sources */ = {isa = PBXBuildFile; fileRef = 3F8C739F2451DE6200AC8405 /* ContentView.swift */; };
		3F8C73A22451DE6800AC8405 /* Assets.xcassets in Resources */ = {isa = PBXBuildFile; fileRef = 3F8C73A12451DE6800AC8405 /* Assets.xcassets */; };
		3F8C73A52451DE6800AC8405 /* Preview Assets.xcassets in Resources */ = {isa = PBXBuildFile; fileRef = 3F8C73A42451DE6800AC8405 /* Preview Assets.xcassets */; };
		3F8C73A82451DE6800AC8405 /* LaunchScreen.storyboard in Resources */ = {isa = PBXBuildFile; fileRef = 3F8C73A62451DE6800AC8405 /* LaunchScreen.storyboard */; };
		3F8C73B32451DE6800AC8405 /* WeSplitTests.swift in Sources */ = {isa = PBXBuildFile; fileRef = 3F8C73B22451DE6800AC8405 /* WeSplitTests.swift */; };
		3F8C73BE2451DE6800AC8405 /* WeSplitUITests.swift in Sources */ = {isa = PBXBuildFile; fileRef = 3F8C73BD2451DE6800AC8405 /* WeSplitUITests.swift */; };
/* End PBXBuildFile section */

/* Begin PBXContainerItemProxy section */
		3F8C73AF2451DE6800AC8405 /* PBXContainerItemProxy */ = {
			isa = PBXContainerItemProxy;
			containerPortal = 3F8C73902451DE6200AC8405 /* Project object */;
			proxyType = 1;
			remoteGlobalIDString = 3F8C73972451DE6200AC8405;
			remoteInfo = WeSplit;
		};
		3F8C73BA2451DE6800AC8405 /* PBXContainerItemProxy */ = {
			isa = PBXContainerItemProxy;
			containerPortal = 3F8C73902451DE6200AC8405 /* Project object */;
			proxyType = 1;
			remoteGlobalIDString = 3F8C73972451DE6200AC8405;
			remoteInfo = WeSplit;
		};
/* End PBXContainerItemProxy section */

/* Begin PBXFileReference section */
		3F8C73982451DE6200AC8405 /* WeSplit.app */ = {isa = PBXFileReference; explicitFileType = wrapper.application; includeInIndex = 0; path = WeSplit.app; sourceTree = BUILT_PRODUCTS_DIR; };
		3F8C739B2451DE6200AC8405 /* AppDelegate.swift */ = {isa = PBXFileReference; lastKnownFileType = sourcecode.swift; path = AppDelegate.swift; sourceTree = "<group>"; };
		3F8C739D2451DE6200AC8405 /* SceneDelegate.swift */ = {isa = PBXFileReference; lastKnownFileType = sourcecode.swift; path = SceneDelegate.swift; sourceTree = "<group>"; };
		3F8C739F2451DE6200AC8405 /* ContentView.swift */ = {isa = PBXFileReference; lastKnownFileType = sourcecode.swift; path = ContentView.swift; sourceTree = "<group>"; };
		3F8C73A12451DE6800AC8405 /* Assets.xcassets */ = {isa = PBXFileReference; lastKnownFileType = folder.assetcatalog; path = Assets.xcassets; sourceTree = "<group>"; };
		3F8C73A42451DE6800AC8405 /* Preview Assets.xcassets */ = {isa = PBXFileReference; lastKnownFileType = folder.assetcatalog; path = "Preview Assets.xcassets"; sourceTree = "<group>"; };
		3F8C73A72451DE6800AC8405 /* Base */ = {isa = PBXFileReference; lastKnownFileType = file.storyboard; name = Base; path = Base.lproj/LaunchScreen.storyboard; sourceTree = "<group>"; };
		3F8C73A92451DE6800AC8405 /* Info.plist */ = {isa = PBXFileReference; lastKnownFileType = text.plist.xml; path = Info.plist; sourceTree = "<group>"; };
		3F8C73AE2451DE6800AC8405 /* WeSplitTests.xctest */ = {isa = PBXFileReference; explicitFileType = wrapper.cfbundle; includeInIndex = 0; path = WeSplitTests.xctest; sourceTree = BUILT_PRODUCTS_DIR; };
		3F8C73B22451DE6800AC8405 /* WeSplitTests.swift */ = {isa = PBXFileReference; lastKnownFileType = sourcecode.swift; path = WeSplitTests.swift; sourceTree = "<group>"; };
		3F8C73B42451DE6800AC8405 /* Info.plist */ = {isa = PBXFileReference; lastKnownFileType = text.plist.xml; path = Info.plist; sourceTree = "<group>"; };
		3F8C73B92451DE6800AC8405 /* WeSplitUITests.xctest */ = {isa = PBXFileReference; explicitFileType = wrapper.cfbundle; includeInIndex = 0; path = WeSplitUITests.xctest; sourceTree = BUILT_PRODUCTS_DIR; };
		3F8C73BD2451DE6800AC8405 /* WeSplitUITests.swift */ = {isa = PBXFileReference; lastKnownFileType = sourcecode.swift; path = WeSplitUITests.swift; sourceTree = "<group>"; };
		3F8C73BF2451DE6800AC8405 /* Info.plist */ = {isa = PBXFileReference; lastKnownFileType = text.plist.xml; path = Info.plist; sourceTree = "<group>"; };
/* End PBXFileReference section */

/* Begin PBXFrameworksBuildPhase section */
		3F8C73952451DE6200AC8405 /* Frameworks */ = {
			isa = PBXFrameworksBuildPhase;
			buildActionMask = 2147483647;
			files = (
			);
			runOnlyForDeploymentPostprocessing = 0;
		};
		3F8C73AB2451DE6800AC8405 /* Frameworks */ = {
			isa = PBXFrameworksBuildPhase;
			buildActionMask = 2147483647;
			files = (
			);
			runOnlyForDeploymentPostprocessing = 0;
		};
		3F8C73B62451DE6800AC8405 /* Frameworks */ = {
			isa = PBXFrameworksBuildPhase;
			buildActionMask = 2147483647;
			files = (
			);
			runOnlyForDeploymentPostprocessing = 0;
		};
/* End PBXFrameworksBuildPhase section */

/* Begin PBXGroup section */
		3F8C738F2451DE6200AC8405 = {
			isa = PBXGroup;
			children = (
				3F8C739A2451DE6200AC8405 /* WeSplit */,
				3F8C73B12451DE6800AC8405 /* WeSplitTests */,
				3F8C73BC2451DE6800AC8405 /* WeSplitUITests */,
				3F8C73992451DE6200AC8405 /* Products */,
			);
			sourceTree = "<group>";
		};
		3F8C73992451DE6200AC8405 /* Products */ = {
			isa = PBXGroup;
			children = (
				3F8C73982451DE6200AC8405 /* WeSplit.app */,
				3F8C73AE2451DE6800AC8405 /* WeSplitTests.xctest */,
				3F8C73B92451DE6800AC8405 /* WeSplitUITests.xctest */,
			);
			name = Products;
			sourceTree = "<group>";
		};
		3F8C739A2451DE6200AC8405 /* WeSplit */ = {
			isa = PBXGroup;
			children = (
				3F8C739B2451DE6200AC8405 /* AppDelegate.swift */,
				3F8C739D2451DE6200AC8405 /* SceneDelegate.swift */,
				3F8C739F2451DE6200AC8405 /* ContentView.swift */,
				3F8C73A12451DE6800AC8405 /* Assets.xcassets */,
				3F8C73A62451DE6800AC8405 /* LaunchScreen.storyboard */,
				3F8C73A92451DE6800AC8405 /* Info.plist */,
				3F8C73A32451DE6800AC8405 /* Preview Content */,
			);
			path = WeSplit;
			sourceTree = "<group>";
		};
		3F8C73A32451DE6800AC8405 /* Preview Content */ = {
			isa = PBXGroup;
			children = (
				3F8C73A42451DE6800AC8405 /* Preview Assets.xcassets */,
			);
			path = "Preview Content";
			sourceTree = "<group>";
		};
		3F8C73B12451DE6800AC8405 /* WeSplitTests */ = {
			isa = PBXGroup;
			children = (
				3F8C73B22451DE6800AC8405 /* WeSplitTests.swift */,
				3F8C73B42451DE6800AC8405 /* Info.plist */,
			);
			path = WeSplitTests;
			sourceTree = "<group>";
		};
		3F8C73BC2451DE6800AC8405 /* WeSplitUITests */ = {
			isa = PBXGroup;
			children = (
				3F8C73BD2451DE6800AC8405 /* WeSplitUITests.swift */,
				3F8C73BF2451DE6800AC8405 /* Info.plist */,
			);
			path = WeSplitUITests;
			sourceTree = "<group>";
		};
/* End PBXGroup section */

/* Begin PBXNativeTarget section */
		3F8C73972451DE6200AC8405 /* WeSplit */ = {
			isa = PBXNativeTarget;
			buildConfigurationList = 3F8C73C22451DE6800AC8405 /* Build configuration list for PBXNativeTarget "WeSplit" */;
			buildPhases = (
				3F8C73942451DE6200AC8405 /* Sources */,
				3F8C73952451DE6200AC8405 /* Frameworks */,
				3F8C73962451DE6200AC8405 /* Resources */,
			);
			buildRules = (
			);
			dependencies = (
			);
			name = WeSplit;
			productName = WeSplit;
			productReference = 3F8C73982451DE6200AC8405 /* WeSplit.app */;
			productType = "com.apple.product-type.application";
		};
		3F8C73AD2451DE6800AC8405 /* WeSplitTests */ = {
			isa = PBXNativeTarget;
			buildConfigurationList = 3F8C73C52451DE6800AC8405 /* Build configuration list for PBXNativeTarget "WeSplitTests" */;
			buildPhases = (
				3F8C73AA2451DE6800AC8405 /* Sources */,
				3F8C73AB2451DE6800AC8405 /* Frameworks */,
				3F8C73AC2451DE6800AC8405 /* Resources */,
			);
			buildRules = (
			);
			dependencies = (
				3F8C73B02451DE6800AC8405 /* PBXTargetDependency */,
			);
			name = WeSplitTests;
			productName = WeSplitTests;
			productReference = 3F8C73AE2451DE6800AC8405 /* WeSplitTests.xctest */;
			productType = "com.apple.product-type.bundle.unit-test";
		};
		3F8C73B82451DE6800AC8405 /* WeSplitUITests */ = {
			isa = PBXNativeTarget;
			buildConfigurationList = 3F8C73C82451DE6800AC8405 /* Build configuration list for PBXNativeTarget "WeSplitUITests" */;
			buildPhases = (
				3F8C73B52451DE6800AC8405 /* Sources */,
				3F8C73B62451DE6800AC8405 /* Frameworks */,
				3F8C73B72451DE6800AC8405 /* Resources */,
			);
			buildRules = (
			);
			dependencies = (
				3F8C73BB2451DE6800AC8405 /* PBXTargetDependency */,
			);
			name = WeSplitUITests;
			productName = WeSplitUITests;
			productReference = 3F8C73B92451DE6800AC8405 /* WeSplitUITests.xctest */;
			productType = "com.apple.product-type.bundle.ui-testing";
		};
/* End PBXNativeTarget section */

/* Begin PBXProject section */
		3F8C73902451DE6200AC8405 /* Project object */ = {
			isa = PBXProject;
			attributes = {
				LastSwiftUpdateCheck = 1140;
				LastUpgradeCheck = 1140;
				ORGANIZATIONNAME = "Massimo Polimeni";
				TargetAttributes = {
					3F8C73972451DE6200AC8405 = {
						CreatedOnToolsVersion = 11.4.1;
					};
					3F8C73AD2451DE6800AC8405 = {
						CreatedOnToolsVersion = 11.4.1;
						TestTargetID = 3F8C73972451DE6200AC8405;
					};
					3F8C73B82451DE6800AC8405 = {
						CreatedOnToolsVersion = 11.4.1;
						TestTargetID = 3F8C73972451DE6200AC8405;
					};
				};
			};
			buildConfigurationList = 3F8C73932451DE6200AC8405 /* Build configuration list for PBXProject "WeSplit" */;
			compatibilityVersion = "Xcode 9.3";
			developmentRegion = en;
			hasScannedForEncodings = 0;
			knownRegions = (
				en,
				Base,
			);
			mainGroup = 3F8C738F2451DE6200AC8405;
			productRefGroup = 3F8C73992451DE6200AC8405 /* Products */;
			projectDirPath = "";
			projectRoot = "";
			targets = (
				3F8C73972451DE6200AC8405 /* WeSplit */,
				3F8C73AD2451DE6800AC8405 /* WeSplitTests */,
				3F8C73B82451DE6800AC8405 /* WeSplitUITests */,
			);
		};
/* End PBXProject section */

/* Begin PBXResourcesBuildPhase section */
		3F8C73962451DE6200AC8405 /* Resources */ = {
			isa = PBXResourcesBuildPhase;
			buildActionMask = 2147483647;
			files = (
				3F8C73A82451DE6800AC8405 /* LaunchScreen.storyboard in Resources */,
				3F8C73A52451DE6800AC8405 /* Preview Assets.xcassets in Resources */,
				3F8C73A22451DE6800AC8405 /* Assets.xcassets in Resources */,
			);
			runOnlyForDeploymentPostprocessing = 0;
		};
		3F8C73AC2451DE6800AC8405 /* Resources */ = {
			isa = PBXResourcesBuildPhase;
			buildActionMask = 2147483647;
			files = (
			);
			runOnlyForDeploymentPostprocessing = 0;
		};
		3F8C73B72451DE6800AC8405 /* Resources */ = {
			isa = PBXResourcesBuildPhase;
			buildActionMask = 2147483647;
			files = (
			);
			runOnlyForDeploymentPostprocessing = 0;
		};
/* End PBXResourcesBuildPhase section */

/* Begin PBXSourcesBuildPhase section */
		3F8C73942451DE6200AC8405 /* Sources */ = {
			isa = PBXSourcesBuildPhase;
			buildActionMask = 2147483647;
			files = (
				3F8C739C2451DE6200AC8405 /* AppDelegate.swift in Sources */,
				3F8C739E2451DE6200AC8405 /* SceneDelegate.swift in Sources */,
				3F8C73A02451DE6200AC8405 /* ContentView.swift in Sources */,
			);
			runOnlyForDeploymentPostprocessing = 0;
		};
		3F8C73AA2451DE6800AC8405 /* Sources */ = {
			isa = PBXSourcesBuildPhase;
			buildActionMask = 2147483647;
			files = (
				3F8C73B32451DE6800AC8405 /* WeSplitTests.swift in Sources */,
			);
			runOnlyForDeploymentPostprocessing = 0;
		};
		3F8C73B52451DE6800AC8405 /* Sources */ = {
			isa = PBXSourcesBuildPhase;
			buildActionMask = 2147483647;
			files = (
				3F8C73BE2451DE6800AC8405 /* WeSplitUITests.swift in Sources */,
			);
			runOnlyForDeploymentPostprocessing = 0;
		};
/* End PBXSourcesBuildPhase section */

/* Begin PBXTargetDependency section */
		3F8C73B02451DE6800AC8405 /* PBXTargetDependency */ = {
			isa = PBXTargetDependency;
			target = 3F8C73972451DE6200AC8405 /* WeSplit */;
			targetProxy = 3F8C73AF2451DE6800AC8405 /* PBXContainerItemProxy */;
		};
		3F8C73BB2451DE6800AC8405 /* PBXTargetDependency */ = {
			isa = PBXTargetDependency;
			target = 3F8C73972451DE6200AC8405 /* WeSplit */;
			targetProxy = 3F8C73BA2451DE6800AC8405 /* PBXContainerItemProxy */;
		};
/* End PBXTargetDependency section */

/* Begin PBXVariantGroup section */
		3F8C73A62451DE6800AC8405 /* LaunchScreen.storyboard */ = {
			isa = PBXVariantGroup;
			children = (
				3F8C73A72451DE6800AC8405 /* Base */,
			);
			name = LaunchScreen.storyboard;
			sourceTree = "<group>";
		};
/* End PBXVariantGroup section */

/* Begin XCBuildConfiguration section */
		3F8C73C02451DE6800AC8405 /* Debug */ = {
			isa = XCBuildConfiguration;
			buildSettings = {
				ALWAYS_SEARCH_USER_PATHS = NO;
				CLANG_ANALYZER_NONNULL = YES;
				CLANG_ANALYZER_NUMBER_OBJECT_CONVERSION = YES_AGGRESSIVE;
				CLANG_CXX_LANGUAGE_STANDARD = "gnu++14";
				CLANG_CXX_LIBRARY = "libc++";
				CLANG_ENABLE_MODULES = YES;
				CLANG_ENABLE_OBJC_ARC = YES;
				CLANG_ENABLE_OBJC_WEAK = YES;
				CLANG_WARN_BLOCK_CAPTURE_AUTORELEASING = YES;
				CLANG_WARN_BOOL_CONVERSION = YES;
				CLANG_WARN_COMMA = YES;
				CLANG_WARN_CONSTANT_CONVERSION = YES;
				CLANG_WARN_DEPRECATED_OBJC_IMPLEMENTATIONS = YES;
				CLANG_WARN_DIRECT_OBJC_ISA_USAGE = YES_ERROR;
				CLANG_WARN_DOCUMENTATION_COMMENTS = YES;
				CLANG_WARN_EMPTY_BODY = YES;
				CLANG_WARN_ENUM_CONVERSION = YES;
				CLANG_WARN_INFINITE_RECURSION = YES;
				CLANG_WARN_INT_CONVERSION = YES;
				CLANG_WARN_NON_LITERAL_NULL_CONVERSION = YES;
				CLANG_WARN_OBJC_IMPLICIT_RETAIN_SELF = YES;
				CLANG_WARN_OBJC_LITERAL_CONVERSION = YES;
				CLANG_WARN_OBJC_ROOT_CLASS = YES_ERROR;
				CLANG_WARN_RANGE_LOOP_ANALYSIS = YES;
				CLANG_WARN_STRICT_PROTOTYPES = YES;
				CLANG_WARN_SUSPICIOUS_MOVE = YES;
				CLANG_WARN_UNGUARDED_AVAILABILITY = YES_AGGRESSIVE;
				CLANG_WARN_UNREACHABLE_CODE = YES;
				CLANG_WARN__DUPLICATE_METHOD_MATCH = YES;
				COPY_PHASE_STRIP = NO;
				DEBUG_INFORMATION_FORMAT = dwarf;
				ENABLE_STRICT_OBJC_MSGSEND = YES;
				ENABLE_TESTABILITY = YES;
				GCC_C_LANGUAGE_STANDARD = gnu11;
				GCC_DYNAMIC_NO_PIC = NO;
				GCC_NO_COMMON_BLOCKS = YES;
				GCC_OPTIMIZATION_LEVEL = 0;
				GCC_PREPROCESSOR_DEFINITIONS = (
					"DEBUG=1",
					"$(inherited)",
				);
				GCC_WARN_64_TO_32_BIT_CONVERSION = YES;
				GCC_WARN_ABOUT_RETURN_TYPE = YES_ERROR;
				GCC_WARN_UNDECLARED_SELECTOR = YES;
				GCC_WARN_UNINITIALIZED_AUTOS = YES_AGGRESSIVE;
				GCC_WARN_UNUSED_FUNCTION = YES;
				GCC_WARN_UNUSED_VARIABLE = YES;
				IPHONEOS_DEPLOYMENT_TARGET = 13.4;
				MTL_ENABLE_DEBUG_INFO = INCLUDE_SOURCE;
				MTL_FAST_MATH = YES;
				ONLY_ACTIVE_ARCH = YES;
				SDKROOT = iphoneos;
				SWIFT_ACTIVE_COMPILATION_CONDITIONS = DEBUG;
				SWIFT_OPTIMIZATION_LEVEL = "-Onone";
			};
			name = Debug;
		};
		3F8C73C12451DE6800AC8405 /* Release */ = {
			isa = XCBuildConfiguration;
			buildSettings = {
				ALWAYS_SEARCH_USER_PATHS = NO;
				CLANG_ANALYZER_NONNULL = YES;
				CLANG_ANALYZER_NUMBER_OBJECT_CONVERSION = YES_AGGRESSIVE;
				CLANG_CXX_LANGUAGE_STANDARD = "gnu++14";
				CLANG_CXX_LIBRARY = "libc++";
				CLANG_ENABLE_MODULES = YES;
				CLANG_ENABLE_OBJC_ARC = YES;
				CLANG_ENABLE_OBJC_WEAK = YES;
				CLANG_WARN_BLOCK_CAPTURE_AUTORELEASING = YES;
				CLANG_WARN_BOOL_CONVERSION = YES;
				CLANG_WARN_COMMA = YES;
				CLANG_WARN_CONSTANT_CONVERSION = YES;
				CLANG_WARN_DEPRECATED_OBJC_IMPLEMENTATIONS = YES;
				CLANG_WARN_DIRECT_OBJC_ISA_USAGE = YES_ERROR;
				CLANG_WARN_DOCUMENTATION_COMMENTS = YES;
				CLANG_WARN_EMPTY_BODY = YES;
				CLANG_WARN_ENUM_CONVERSION = YES;
				CLANG_WARN_INFINITE_RECURSION = YES;
				CLANG_WARN_INT_CONVERSION = YES;
				CLANG_WARN_NON_LITERAL_NULL_CONVERSION = YES;
				CLANG_WARN_OBJC_IMPLICIT_RETAIN_SELF = YES;
				CLANG_WARN_OBJC_LITERAL_CONVERSION = YES;
				CLANG_WARN_OBJC_ROOT_CLASS = YES_ERROR;
				CLANG_WARN_RANGE_LOOP_ANALYSIS = YES;
				CLANG_WARN_STRICT_PROTOTYPES = YES;
				CLANG_WARN_SUSPICIOUS_MOVE = YES;
				CLANG_WARN_UNGUARDED_AVAILABILITY = YES_AGGRESSIVE;
				CLANG_WARN_UNREACHABLE_CODE = YES;
				CLANG_WARN__DUPLICATE_METHOD_MATCH = YES;
				COPY_PHASE_STRIP = NO;
				DEBUG_INFORMATION_FORMAT = "dwarf-with-dsym";
				ENABLE_NS_ASSERTIONS = NO;
				ENABLE_STRICT_OBJC_MSGSEND = YES;
				GCC_C_LANGUAGE_STANDARD = gnu11;
				GCC_NO_COMMON_BLOCKS = YES;
				GCC_WARN_64_TO_32_BIT_CONVERSION = YES;
				GCC_WARN_ABOUT_RETURN_TYPE = YES_ERROR;
				GCC_WARN_UNDECLARED_SELECTOR = YES;
				GCC_WARN_UNINITIALIZED_AUTOS = YES_AGGRESSIVE;
				GCC_WARN_UNUSED_FUNCTION = YES;
				GCC_WARN_UNUSED_VARIABLE = YES;
				IPHONEOS_DEPLOYMENT_TARGET = 13.4;
				MTL_ENABLE_DEBUG_INFO = NO;
				MTL_FAST_MATH = YES;
				SDKROOT = iphoneos;
				SWIFT_COMPILATION_MODE = wholemodule;
				SWIFT_OPTIMIZATION_LEVEL = "-O";
				VALIDATE_PRODUCT = YES;
			};
			name = Release;
		};
		3F8C73C32451DE6800AC8405 /* Debug */ = {
			isa = XCBuildConfiguration;
			buildSettings = {
				ASSETCATALOG_COMPILER_APPICON_NAME = AppIcon;
				CODE_SIGN_STYLE = Automatic;
				DEVELOPMENT_ASSET_PATHS = "\"WeSplit/Preview Content\"";
				ENABLE_PREVIEWS = YES;
				INFOPLIST_FILE = WeSplit/Info.plist;
				LD_RUNPATH_SEARCH_PATHS = (
					"$(inherited)",
					"@executable_path/Frameworks",
				);
				PRODUCT_BUNDLE_IDENTIFIER = massimopolimeni.WeSplit;
				PRODUCT_NAME = "$(TARGET_NAME)";
				SWIFT_VERSION = 5.0;
				TARGETED_DEVICE_FAMILY = "1,2";
			};
			name = Debug;
		};
		3F8C73C42451DE6800AC8405 /* Release */ = {
			isa = XCBuildConfiguration;
			buildSettings = {
				ASSETCATALOG_COMPILER_APPICON_NAME = AppIcon;
				CODE_SIGN_STYLE = Automatic;
				DEVELOPMENT_ASSET_PATHS = "\"WeSplit/Preview Content\"";
				ENABLE_PREVIEWS = YES;
				INFOPLIST_FILE = WeSplit/Info.plist;
				LD_RUNPATH_SEARCH_PATHS = (
					"$(inherited)",
					"@executable_path/Frameworks",
				);
				PRODUCT_BUNDLE_IDENTIFIER = massimopolimeni.WeSplit;
				PRODUCT_NAME = "$(TARGET_NAME)";
				SWIFT_VERSION = 5.0;
				TARGETED_DEVICE_FAMILY = "1,2";
			};
			name = Release;
		};
		3F8C73C62451DE6800AC8405 /* Debug */ = {
			isa = XCBuildConfiguration;
			buildSettings = {
				ALWAYS_EMBED_SWIFT_STANDARD_LIBRARIES = YES;
				BUNDLE_LOADER = "$(TEST_HOST)";
				CODE_SIGN_STYLE = Automatic;
				INFOPLIST_FILE = WeSplitTests/Info.plist;
				IPHONEOS_DEPLOYMENT_TARGET = 13.4;
				LD_RUNPATH_SEARCH_PATHS = (
					"$(inherited)",
					"@executable_path/Frameworks",
					"@loader_path/Frameworks",
				);
				PRODUCT_BUNDLE_IDENTIFIER = massimopolimeni.WeSplitTests;
				PRODUCT_NAME = "$(TARGET_NAME)";
				SWIFT_VERSION = 5.0;
				TARGETED_DEVICE_FAMILY = "1,2";
				TEST_HOST = "$(BUILT_PRODUCTS_DIR)/WeSplit.app/WeSplit";
			};
			name = Debug;
		};
		3F8C73C72451DE6800AC8405 /* Release */ = {
			isa = XCBuildConfiguration;
			buildSettings = {
				ALWAYS_EMBED_SWIFT_STANDARD_LIBRARIES = YES;
				BUNDLE_LOADER = "$(TEST_HOST)";
				CODE_SIGN_STYLE = Automatic;
				INFOPLIST_FILE = WeSplitTests/Info.plist;
				IPHONEOS_DEPLOYMENT_TARGET = 13.4;
				LD_RUNPATH_SEARCH_PATHS = (
					"$(inherited)",
					"@executable_path/Frameworks",
					"@loader_path/Frameworks",
				);
				PRODUCT_BUNDLE_IDENTIFIER = massimopolimeni.WeSplitTests;
				PRODUCT_NAME = "$(TARGET_NAME)";
				SWIFT_VERSION = 5.0;
				TARGETED_DEVICE_FAMILY = "1,2";
				TEST_HOST = "$(BUILT_PRODUCTS_DIR)/WeSplit.app/WeSplit";
			};
			name = Release;
		};
		3F8C73C92451DE6800AC8405 /* Debug */ = {
			isa = XCBuildConfiguration;
			buildSettings = {
				ALWAYS_EMBED_SWIFT_STANDARD_LIBRARIES = YES;
				CODE_SIGN_STYLE = Automatic;
				INFOPLIST_FILE = WeSplitUITests/Info.plist;
				LD_RUNPATH_SEARCH_PATHS = (
					"$(inherited)",
					"@executable_path/Frameworks",
					"@loader_path/Frameworks",
				);
				PRODUCT_BUNDLE_IDENTIFIER = massimopolimeni.WeSplitUITests;
				PRODUCT_NAME = "$(TARGET_NAME)";
				SWIFT_VERSION = 5.0;
				TARGETED_DEVICE_FAMILY = "1,2";
				TEST_TARGET_NAME = WeSplit;
			};
			name = Debug;
		};
		3F8C73CA2451DE6800AC8405 /* Release */ = {
			isa = XCBuildConfiguration;
			buildSettings = {
				ALWAYS_EMBED_SWIFT_STANDARD_LIBRARIES = YES;
				CODE_SIGN_STYLE = Automatic;
				INFOPLIST_FILE = WeSplitUITests/Info.plist;
				LD_RUNPATH_SEARCH_PATHS = (
					"$(inherited)",
					"@executable_path/Frameworks",
					"@loader_path/Frameworks",
				);
				PRODUCT_BUNDLE_IDENTIFIER = massimopolimeni.WeSplitUITests;
				PRODUCT_NAME = "$(TARGET_NAME)";
				SWIFT_VERSION = 5.0;
				TARGETED_DEVICE_FAMILY = "1,2";
				TEST_TARGET_NAME = WeSplit;
			};
			name = Release;
		};
/* End XCBuildConfiguration section */

/* Begin XCConfigurationList section */
		3F8C73932451DE6200AC8405 /* Build configuration list for PBXProject "WeSplit" */ = {
			isa = XCConfigurationList;
			buildConfigurations = (
				3F8C73C02451DE6800AC8405 /* Debug */,
				3F8C73C12451DE6800AC8405 /* Release */,
			);
			defaultConfigurationIsVisible = 0;
			defaultConfigurationName = Release;
		};
		3F8C73C22451DE6800AC8405 /* Build configuration list for PBXNativeTarget "WeSplit" */ = {
			isa = XCConfigurationList;
			buildConfigurations = (
				3F8C73C32451DE6800AC8405 /* Debug */,
				3F8C73C42451DE6800AC8405 /* Release */,
			);
			defaultConfigurationIsVisible = 0;
			defaultConfigurationName = Release;
		};
		3F8C73C52451DE6800AC8405 /* Build configuration list for PBXNativeTarget "WeSplitTests" */ = {
			isa = XCConfigurationList;
			buildConfigurations = (
				3F8C73C62451DE6800AC8405 /* Debug */,
				3F8C73C72451DE6800AC8405 /* Release */,
			);
			defaultConfigurationIsVisible = 0;
			defaultConfigurationName = Release;
		};
		3F8C73C82451DE6800AC8405 /* Build configuration list for PBXNativeTarget "WeSplitUITests" */ = {
			isa = XCConfigurationList;
			buildConfigurations = (
				3F8C73C92451DE6800AC8405 /* Debug */,
				3F8C73CA2451DE6800AC8405 /* Release */,
			);
			defaultConfigurationIsVisible = 0;
			defaultConfigurationName = Release;
		};
/* End XCConfigurationList section */
	};
	rootObject = 3F8C73902451DE6200AC8405 /* Project object */;
}
